
Microsoft Visual Studio Solution File, Format Version 12.00
# Visual Studio Version 16
VisualStudioVersion = 25.0.1705.4
MinimumVisualStudioVersion = 10.0.40219.1
Project("{FAE04EC0-301F-11D3-BF4B-00C04F79EFBC}") = "Certicate_CSharp", "Certicate_CSharp\Certicate_CSharp.csproj", "{969BBC3E-B7A6-4CC7-94DF-B688EF600DFE}"
EndProject
Global
	GlobalSection(SolutionConfigurationPlatforms) = preSolution
		Debug|Any CPU = Debug|Any CPU
		Release|Any CPU = Release|Any CPU
	EndGlobalSection
	GlobalSection(ProjectConfigurationPlatforms) = postSolution
		{969BBC3E-B7A6-4CC7-94DF-B688EF600DFE}.Debug|Any CPU.ActiveCfg = Debug|Any CPU
		{969BBC3E-B7A6-4CC7-94DF-B688EF600DFE}.Debug|Any CPU.Build.0 = Debug|Any CPU
		{969BBC3E-B7A6-4CC7-94DF-B688EF600DFE}.Release|Any CPU.ActiveCfg = Release|Any CPU
		{969BBC3E-B7A6-4CC7-94DF-B688EF600DFE}.Release|Any CPU.Build.0 = Release|Any CPU
	EndGlobalSection
	GlobalSection(SolutionProperties) = preSolution
		HideSolutionNode = FALSE
	EndGlobalSection
	GlobalSection(ExtensibilityGlobals) = postSolution
		SolutionGuid = {31E04F51-8DD9-4526-86D5-303964F13168}
	EndGlobalSection
EndGlobal
