
Microsoft Visual Studio Solution File, Format Version 12.00
# Visual Studio Version 16
VisualStudioVersion = 25.0.1705.4
MinimumVisualStudioVersion = 10.0.40219.1
Project("{FAE04EC0-301F-11D3-BF4B-00C04F79EFBC}") = "Armstrong_NUMBER", "Armstrong_NUMBER\Armstrong_NUMBER.csproj", "{0A37805D-8B86-4566-A131-A45ED75FF1E7}"
EndProject
Global
	GlobalSection(SolutionConfigurationPlatforms) = preSolution
		Debug|Any CPU = Debug|Any CPU
		Release|Any CPU = Release|Any CPU
	EndGlobalSection
	GlobalSection(ProjectConfigurationPlatforms) = postSolution
		{0A37805D-8B86-4566-A131-A45ED75FF1E7}.Debug|Any CPU.ActiveCfg = Debug|Any CPU
		{0A37805D-8B86-4566-A131-A45ED75FF1E7}.Debug|Any CPU.Build.0 = Debug|Any CPU
		{0A37805D-8B86-4566-A131-A45ED75FF1E7}.Release|Any CPU.ActiveCfg = Release|Any CPU
		{0A37805D-8B86-4566-A131-A45ED75FF1E7}.Release|Any CPU.Build.0 = Release|Any CPU
	EndGlobalSection
	GlobalSection(SolutionProperties) = preSolution
		HideSolutionNode = FALSE
	EndGlobalSection
	GlobalSection(ExtensibilityGlobals) = postSolution
		SolutionGuid = {FDF14584-3D0B-45FB-8396-3526FFBBC219}
	EndGlobalSection
EndGlobal
